
Microsoft Visual Studio Solution File, Format Version 12.00
# Visual Studio Version 16
VisualStudioVersion = 16.0.29025.244
MinimumVisualStudioVersion = 10.0.40219.1
Project("{F2A71F9B-5D33-465A-A702-920D77279786}") = "ISchemm.OpenTokFs", "ISchemm.OpenTokFs.fsproj", "{05AE44A0-81CE-4819-84F8-1F33CFFB204E}"
EndProject
Global
	GlobalSection(SolutionConfigurationPlatforms) = preSolution
		Debug|Any CPU = Debug|Any CPU
		Release|Any CPU = Release|Any CPU
	EndGlobalSection
	GlobalSection(ProjectConfigurationPlatforms) = postSolution
		{05AE44A0-81CE-4819-84F8-1F33CFFB204E}.Debug|Any CPU.ActiveCfg = Debug|Any CPU
		{05AE44A0-81CE-4819-84F8-1F33CFFB204E}.Debug|Any CPU.Build.0 = Debug|Any CPU
		{05AE44A0-81CE-4819-84F8-1F33CFFB204E}.Release|Any CPU.ActiveCfg = Release|Any CPU
		{05AE44A0-81CE-4819-84F8-1F33CFFB204E}.Release|Any CPU.Build.0 = Release|Any CPU
	EndGlobalSection
	GlobalSection(SolutionProperties) = preSolution
		HideSolutionNode = FALSE
	EndGlobalSection
	GlobalSection(ExtensibilityGlobals) = postSolution
		SolutionGuid = {3B8F73BA-6371-4732-AA6D-DD366024FC3D}
	EndGlobalSection
EndGlobal
