
Microsoft Visual Studio Solution File, Format Version 12.00
# Visual Studio Version 16
VisualStudioVersion = 16.0.29025.244
MinimumVisualStudioVersion = 10.0.40219.1
Project("{6EC3EE1D-3C4E-46DD-8F32-0CC8E7565705}") = "OpenTokFs", "OpenTokFs.fsproj", "{05AE44A0-81CE-4819-84F8-1F33CFFB204E}"
EndProject
Project("{F184B08F-C81C-45F6-A57F-5ABD9991F28F}") = "ArchiveHelper", "Examples\ArchiveHelper\ArchiveHelper.vbproj", "{08EE6CD2-4D19-4D0B-B17D-A7EE13AD40D7}"
EndProject
Project("{F184B08F-C81C-45F6-A57F-5ABD9991F28F}") = "BroadcastHelper", "Examples\BroadcastHelper\BroadcastHelper.vbproj", "{B3B49C79-9F8F-4C35-8C66-F6DAA6EBA124}"
EndProject
Global
	GlobalSection(SolutionConfigurationPlatforms) = preSolution
		Debug|Any CPU = Debug|Any CPU
		Release|Any CPU = Release|Any CPU
	EndGlobalSection
	GlobalSection(ProjectConfigurationPlatforms) = postSolution
		{05AE44A0-81CE-4819-84F8-1F33CFFB204E}.Debug|Any CPU.ActiveCfg = Debug|Any CPU
		{05AE44A0-81CE-4819-84F8-1F33CFFB204E}.Debug|Any CPU.Build.0 = Debug|Any CPU
		{05AE44A0-81CE-4819-84F8-1F33CFFB204E}.Release|Any CPU.ActiveCfg = Release|Any CPU
		{05AE44A0-81CE-4819-84F8-1F33CFFB204E}.Release|Any CPU.Build.0 = Release|Any CPU
		{08EE6CD2-4D19-4D0B-B17D-A7EE13AD40D7}.Debug|Any CPU.ActiveCfg = Debug|Any CPU
		{08EE6CD2-4D19-4D0B-B17D-A7EE13AD40D7}.Debug|Any CPU.Build.0 = Debug|Any CPU
		{08EE6CD2-4D19-4D0B-B17D-A7EE13AD40D7}.Release|Any CPU.ActiveCfg = Release|Any CPU
		{08EE6CD2-4D19-4D0B-B17D-A7EE13AD40D7}.Release|Any CPU.Build.0 = Release|Any CPU
		{B3B49C79-9F8F-4C35-8C66-F6DAA6EBA124}.Debug|Any CPU.ActiveCfg = Debug|Any CPU
		{B3B49C79-9F8F-4C35-8C66-F6DAA6EBA124}.Debug|Any CPU.Build.0 = Debug|Any CPU
		{B3B49C79-9F8F-4C35-8C66-F6DAA6EBA124}.Release|Any CPU.ActiveCfg = Release|Any CPU
		{B3B49C79-9F8F-4C35-8C66-F6DAA6EBA124}.Release|Any CPU.Build.0 = Release|Any CPU
	EndGlobalSection
	GlobalSection(SolutionProperties) = preSolution
		HideSolutionNode = FALSE
	EndGlobalSection
	GlobalSection(ExtensibilityGlobals) = postSolution
		SolutionGuid = {3B8F73BA-6371-4732-AA6D-DD366024FC3D}
	EndGlobalSection
EndGlobal
