
Microsoft Visual Studio Solution File, Format Version 12.00
# Visual Studio Version 16
VisualStudioVersion = 16.0.29025.244
MinimumVisualStudioVersion = 10.0.40219.1
Project("{6EC3EE1D-3C4E-46DD-8F32-0CC8E7565705}") = "OpenTokFs", "OpenTokFs\OpenTokFs.fsproj", "{05AE44A0-81CE-4819-84F8-1F33CFFB204E}"
EndProject
Project("{F184B08F-C81C-45F6-A57F-5ABD9991F28F}") = "ArchiveHelper", "Examples\ArchiveHelper\ArchiveHelper.vbproj", "{08EE6CD2-4D19-4D0B-B17D-A7EE13AD40D7}"
EndProject
Project("{F184B08F-C81C-45F6-A57F-5ABD9991F28F}") = "BroadcastHelper", "Examples\BroadcastHelper\BroadcastHelper.vbproj", "{B3B49C79-9F8F-4C35-8C66-F6DAA6EBA124}"
EndProject
Project("{2150E333-8FDC-42A3-9474-1A3956D46DE8}") = "Solution Items", "Solution Items", "{7BB42AF2-A8E3-4CDA-B4F1-9B53FEFA02FC}"
	ProjectSection(SolutionItems) = preProject
		.github\workflows\dotnet-core.yml = .github\workflows\dotnet-core.yml
		LICENSE.TXT = LICENSE.TXT
		README.md = README.md
	EndProjectSection
EndProject
Project("{9A19103F-16F7-4668-BE54-9A1E7A4F7556}") = "OpenTokFs.RequestTypes", "OpenTokFs.RequestTypes\OpenTokFs.RequestTypes.csproj", "{9AC49FB9-B013-49B2-BC13-7E86D7C320E7}"
EndProject
Project("{9A19103F-16F7-4668-BE54-9A1E7A4F7556}") = "OpenTokFs.ResponseTypes", "OpenTokFs.ResponseTypes\OpenTokFs.ResponseTypes.csproj", "{91E80075-F78B-44D3-9F60-CC39BDBC87DB}"
EndProject
Project("{9A19103F-16F7-4668-BE54-9A1E7A4F7556}") = "OpenTokFs.SerializationTests", "OpenTokFs.SerializationTests\OpenTokFs.SerializationTests.csproj", "{0449AC16-1E32-4141-9DC6-A08F209F260D}"
EndProject
Project("{FAE04EC0-301F-11D3-BF4B-00C04F79EFBC}") = "OpenTokFs.Credentials", "OpenTokFs.Credentials\OpenTokFs.Credentials.csproj", "{5614E811-8DE5-44DD-AC12-9380756C4127}"
EndProject
Global
	GlobalSection(SolutionConfigurationPlatforms) = preSolution
		Debug|Any CPU = Debug|Any CPU
		Release|Any CPU = Release|Any CPU
	EndGlobalSection
	GlobalSection(ProjectConfigurationPlatforms) = postSolution
		{05AE44A0-81CE-4819-84F8-1F33CFFB204E}.Debug|Any CPU.ActiveCfg = Debug|Any CPU
		{05AE44A0-81CE-4819-84F8-1F33CFFB204E}.Debug|Any CPU.Build.0 = Debug|Any CPU
		{05AE44A0-81CE-4819-84F8-1F33CFFB204E}.Release|Any CPU.ActiveCfg = Release|Any CPU
		{05AE44A0-81CE-4819-84F8-1F33CFFB204E}.Release|Any CPU.Build.0 = Release|Any CPU
		{08EE6CD2-4D19-4D0B-B17D-A7EE13AD40D7}.Debug|Any CPU.ActiveCfg = Debug|Any CPU
		{08EE6CD2-4D19-4D0B-B17D-A7EE13AD40D7}.Debug|Any CPU.Build.0 = Debug|Any CPU
		{08EE6CD2-4D19-4D0B-B17D-A7EE13AD40D7}.Release|Any CPU.ActiveCfg = Release|Any CPU
		{B3B49C79-9F8F-4C35-8C66-F6DAA6EBA124}.Debug|Any CPU.ActiveCfg = Debug|Any CPU
		{B3B49C79-9F8F-4C35-8C66-F6DAA6EBA124}.Debug|Any CPU.Build.0 = Debug|Any CPU
		{B3B49C79-9F8F-4C35-8C66-F6DAA6EBA124}.Release|Any CPU.ActiveCfg = Release|Any CPU
		{9AC49FB9-B013-49B2-BC13-7E86D7C320E7}.Debug|Any CPU.ActiveCfg = Debug|Any CPU
		{9AC49FB9-B013-49B2-BC13-7E86D7C320E7}.Debug|Any CPU.Build.0 = Debug|Any CPU
		{9AC49FB9-B013-49B2-BC13-7E86D7C320E7}.Release|Any CPU.ActiveCfg = Release|Any CPU
		{9AC49FB9-B013-49B2-BC13-7E86D7C320E7}.Release|Any CPU.Build.0 = Release|Any CPU
		{91E80075-F78B-44D3-9F60-CC39BDBC87DB}.Debug|Any CPU.ActiveCfg = Debug|Any CPU
		{91E80075-F78B-44D3-9F60-CC39BDBC87DB}.Debug|Any CPU.Build.0 = Debug|Any CPU
		{91E80075-F78B-44D3-9F60-CC39BDBC87DB}.Release|Any CPU.ActiveCfg = Release|Any CPU
		{91E80075-F78B-44D3-9F60-CC39BDBC87DB}.Release|Any CPU.Build.0 = Release|Any CPU
		{0449AC16-1E32-4141-9DC6-A08F209F260D}.Debug|Any CPU.ActiveCfg = Debug|Any CPU
		{0449AC16-1E32-4141-9DC6-A08F209F260D}.Debug|Any CPU.Build.0 = Debug|Any CPU
		{0449AC16-1E32-4141-9DC6-A08F209F260D}.Release|Any CPU.ActiveCfg = Release|Any CPU
		{0449AC16-1E32-4141-9DC6-A08F209F260D}.Release|Any CPU.Build.0 = Release|Any CPU
		{5614E811-8DE5-44DD-AC12-9380756C4127}.Debug|Any CPU.ActiveCfg = Debug|Any CPU
		{5614E811-8DE5-44DD-AC12-9380756C4127}.Debug|Any CPU.Build.0 = Debug|Any CPU
		{5614E811-8DE5-44DD-AC12-9380756C4127}.Release|Any CPU.ActiveCfg = Release|Any CPU
		{5614E811-8DE5-44DD-AC12-9380756C4127}.Release|Any CPU.Build.0 = Release|Any CPU
	EndGlobalSection
	GlobalSection(SolutionProperties) = preSolution
		HideSolutionNode = FALSE
	EndGlobalSection
	GlobalSection(ExtensibilityGlobals) = postSolution
		SolutionGuid = {3B8F73BA-6371-4732-AA6D-DD366024FC3D}
	EndGlobalSection
EndGlobal
